
Microsoft Visual Studio Solution File, Format Version 12.00
# Visual Studio Version 16
VisualStudioVersion = 16.0.29709.97
MinimumVisualStudioVersion = 10.0.40219.1
Project("{8BC9CEB8-8B4A-11D0-8D11-00A0C91BC942}") = "jdUtilities", "jdUtilities\jdUtilities.vcxproj", "{F7424C79-965C-4FD0-B86B-7CD62ED9E978}"
EndProject
Project("{8BC9CEB8-8B4A-11D0-8D11-00A0C91BC942}") = "jdUtilities_UnitTest", "jdUtilities_UnitTest\jdUtilities_UnitTest.vcxproj", "{6E05F973-A5F0-46E1-ADA8-39F7ED1A05D3}"
	ProjectSection(ProjectDependencies) = postProject
		{F7424C79-965C-4FD0-B86B-7CD62ED9E978} = {F7424C79-965C-4FD0-B86B-7CD62ED9E978}
	EndProjectSection
EndProject
Project("{8BC9CEB8-8B4A-11D0-8D11-00A0C91BC942}") = "jdCore", "jdCore\jdCore.vcxproj", "{6638C06A-CBFD-4953-83D3-381B48CF6375}"
	ProjectSection(ProjectDependencies) = postProject
		{F7424C79-965C-4FD0-B86B-7CD62ED9E978} = {F7424C79-965C-4FD0-B86B-7CD62ED9E978}
	EndProjectSection
EndProject
Project("{8BC9CEB8-8B4A-11D0-8D11-00A0C91BC942}") = "jdDXGraphicApi", "DXGraphicApi\DXGraphicApi.vcxproj", "{C661D9C2-6175-41C2-9900-EEF766DCC938}"
	ProjectSection(ProjectDependencies) = postProject
		{6638C06A-CBFD-4953-83D3-381B48CF6375} = {6638C06A-CBFD-4953-83D3-381B48CF6375}
		{F7424C79-965C-4FD0-B86B-7CD62ED9E978} = {F7424C79-965C-4FD0-B86B-7CD62ED9E978}
	EndProjectSection
EndProject
Project("{8BC9CEB8-8B4A-11D0-8D11-00A0C91BC942}") = "CoreTest", "CoreTest\CoreTest.vcxproj", "{EA92C115-2C32-4BCD-8555-8260FF612C91}"
	ProjectSection(ProjectDependencies) = postProject
		{6638C06A-CBFD-4953-83D3-381B48CF6375} = {6638C06A-CBFD-4953-83D3-381B48CF6375}
	EndProjectSection
EndProject
Project("{8BC9CEB8-8B4A-11D0-8D11-00A0C91BC942}") = "jdSysInput", "jdSysInput\sysInput.vcxproj", "{F3F5A123-11C5-45E9-83F5-A9AC141EB96C}"
EndProject
Project("{8BC9CEB8-8B4A-11D0-8D11-00A0C91BC942}") = "sysInput_Gainput", "jdSysInput_Gainput\sysInput_Gainput.vcxproj", "{C2303452-E3FF-4C74-86B8-628B154277BB}"
	ProjectSection(ProjectDependencies) = postProject
		{F3F5A123-11C5-45E9-83F5-A9AC141EB96C} = {F3F5A123-11C5-45E9-83F5-A9AC141EB96C}
	EndProjectSection
EndProject
Project("{8BC9CEB8-8B4A-11D0-8D11-00A0C91BC942}") = "SysInput_OIS", "SysInput_OIS\SysInput_OIS.vcxproj", "{8B98F335-0F11-4509-AAFC-110D41341D4F}"
EndProject
Project("{8BC9CEB8-8B4A-11D0-8D11-00A0C91BC942}") = "jdRenderForwardNDeferred", "jdRenderForwardNDeferred\jdRenderForwardNDeferred.vcxproj", "{D2649652-E88D-402D-B2FA-D2617CED1B3A}"
EndProject
Project("{8BC9CEB8-8B4A-11D0-8D11-00A0C91BC942}") = "jdRender", "jdRender\jdRender.vcxproj", "{04DB0F92-E689-414D-BC42-95E1406003AD}"
EndProject
Project("{8BC9CEB8-8B4A-11D0-8D11-00A0C91BC942}") = "jdDX12GraphicApi", "jdDX12GraphicApid\jdDX12GraphicApid.vcxproj", "{F6EE2662-4014-469A-82C8-421007F2AD64}"
EndProject
Project("{8BC9CEB8-8B4A-11D0-8D11-00A0C91BC942}") = "jdRenderRayTracing", "jdRenderRayTracing\jdRenderRayTracing.vcxproj", "{4F74D5B3-B70E-4396-AA2B-82BB8FF1BEA1}"
EndProject
Project("{8BC9CEB8-8B4A-11D0-8D11-00A0C91BC942}") = "jdRenderShaderTests", "jdRenderShaderTests\jdRenderShaderTests.vcxproj", "{B000F658-24AD-47BB-98B3-49DE0E946322}"
EndProject
Project("{8BC9CEB8-8B4A-11D0-8D11-00A0C91BC942}") = "jdMayaExport", "jdMayaExport\jdMayaExport.vcxproj", "{A72F5093-56F3-487B-B6CB-B73C00DEB5D4}"
EndProject
Global
	GlobalSection(SolutionConfigurationPlatforms) = preSolution
		Debug|x64 = Debug|x64
		Debug|x86 = Debug|x86
		Release|x64 = Release|x64
		Release|x86 = Release|x86
	EndGlobalSection
	GlobalSection(ProjectConfigurationPlatforms) = postSolution
		{F7424C79-965C-4FD0-B86B-7CD62ED9E978}.Debug|x64.ActiveCfg = Debug|x64
		{F7424C79-965C-4FD0-B86B-7CD62ED9E978}.Debug|x64.Build.0 = Debug|x64
		{F7424C79-965C-4FD0-B86B-7CD62ED9E978}.Debug|x86.ActiveCfg = Debug|Win32
		{F7424C79-965C-4FD0-B86B-7CD62ED9E978}.Debug|x86.Build.0 = Debug|Win32
		{F7424C79-965C-4FD0-B86B-7CD62ED9E978}.Release|x64.ActiveCfg = Release|x64
		{F7424C79-965C-4FD0-B86B-7CD62ED9E978}.Release|x64.Build.0 = Release|x64
		{F7424C79-965C-4FD0-B86B-7CD62ED9E978}.Release|x86.ActiveCfg = Release|Win32
		{F7424C79-965C-4FD0-B86B-7CD62ED9E978}.Release|x86.Build.0 = Release|Win32
		{6E05F973-A5F0-46E1-ADA8-39F7ED1A05D3}.Debug|x64.ActiveCfg = Debug|x64
		{6E05F973-A5F0-46E1-ADA8-39F7ED1A05D3}.Debug|x64.Build.0 = Debug|x64
		{6E05F973-A5F0-46E1-ADA8-39F7ED1A05D3}.Debug|x86.ActiveCfg = Debug|Win32
		{6E05F973-A5F0-46E1-ADA8-39F7ED1A05D3}.Debug|x86.Build.0 = Debug|Win32
		{6E05F973-A5F0-46E1-ADA8-39F7ED1A05D3}.Release|x64.ActiveCfg = Release|x64
		{6E05F973-A5F0-46E1-ADA8-39F7ED1A05D3}.Release|x64.Build.0 = Release|x64
		{6E05F973-A5F0-46E1-ADA8-39F7ED1A05D3}.Release|x86.ActiveCfg = Release|Win32
		{6E05F973-A5F0-46E1-ADA8-39F7ED1A05D3}.Release|x86.Build.0 = Release|Win32
		{6638C06A-CBFD-4953-83D3-381B48CF6375}.Debug|x64.ActiveCfg = Debug|x64
		{6638C06A-CBFD-4953-83D3-381B48CF6375}.Debug|x64.Build.0 = Debug|x64
		{6638C06A-CBFD-4953-83D3-381B48CF6375}.Debug|x86.ActiveCfg = Debug|Win32
		{6638C06A-CBFD-4953-83D3-381B48CF6375}.Debug|x86.Build.0 = Debug|Win32
		{6638C06A-CBFD-4953-83D3-381B48CF6375}.Release|x64.ActiveCfg = Release|x64
		{6638C06A-CBFD-4953-83D3-381B48CF6375}.Release|x64.Build.0 = Release|x64
		{6638C06A-CBFD-4953-83D3-381B48CF6375}.Release|x86.ActiveCfg = Release|Win32
		{6638C06A-CBFD-4953-83D3-381B48CF6375}.Release|x86.Build.0 = Release|Win32
		{C661D9C2-6175-41C2-9900-EEF766DCC938}.Debug|x64.ActiveCfg = Debug|x64
		{C661D9C2-6175-41C2-9900-EEF766DCC938}.Debug|x64.Build.0 = Debug|x64
		{C661D9C2-6175-41C2-9900-EEF766DCC938}.Debug|x86.ActiveCfg = Debug|Win32
		{C661D9C2-6175-41C2-9900-EEF766DCC938}.Debug|x86.Build.0 = Debug|Win32
		{C661D9C2-6175-41C2-9900-EEF766DCC938}.Release|x64.ActiveCfg = Release|x64
		{C661D9C2-6175-41C2-9900-EEF766DCC938}.Release|x64.Build.0 = Release|x64
		{C661D9C2-6175-41C2-9900-EEF766DCC938}.Release|x86.ActiveCfg = Release|Win32
		{C661D9C2-6175-41C2-9900-EEF766DCC938}.Release|x86.Build.0 = Release|Win32
		{EA92C115-2C32-4BCD-8555-8260FF612C91}.Debug|x64.ActiveCfg = Debug|x64
		{EA92C115-2C32-4BCD-8555-8260FF612C91}.Debug|x64.Build.0 = Debug|x64
		{EA92C115-2C32-4BCD-8555-8260FF612C91}.Debug|x86.ActiveCfg = Debug|Win32
		{EA92C115-2C32-4BCD-8555-8260FF612C91}.Debug|x86.Build.0 = Debug|Win32
		{EA92C115-2C32-4BCD-8555-8260FF612C91}.Release|x64.ActiveCfg = Release|x64
		{EA92C115-2C32-4BCD-8555-8260FF612C91}.Release|x64.Build.0 = Release|x64
		{EA92C115-2C32-4BCD-8555-8260FF612C91}.Release|x86.ActiveCfg = Release|Win32
		{EA92C115-2C32-4BCD-8555-8260FF612C91}.Release|x86.Build.0 = Release|Win32
		{F3F5A123-11C5-45E9-83F5-A9AC141EB96C}.Debug|x64.ActiveCfg = Debug|x64
		{F3F5A123-11C5-45E9-83F5-A9AC141EB96C}.Debug|x64.Build.0 = Debug|x64
		{F3F5A123-11C5-45E9-83F5-A9AC141EB96C}.Debug|x86.ActiveCfg = Debug|Win32
		{F3F5A123-11C5-45E9-83F5-A9AC141EB96C}.Debug|x86.Build.0 = Debug|Win32
		{F3F5A123-11C5-45E9-83F5-A9AC141EB96C}.Release|x64.ActiveCfg = Release|x64
		{F3F5A123-11C5-45E9-83F5-A9AC141EB96C}.Release|x64.Build.0 = Release|x64
		{F3F5A123-11C5-45E9-83F5-A9AC141EB96C}.Release|x86.ActiveCfg = Release|Win32
		{F3F5A123-11C5-45E9-83F5-A9AC141EB96C}.Release|x86.Build.0 = Release|Win32
		{C2303452-E3FF-4C74-86B8-628B154277BB}.Debug|x64.ActiveCfg = Debug|x64
		{C2303452-E3FF-4C74-86B8-628B154277BB}.Debug|x64.Build.0 = Debug|x64
		{C2303452-E3FF-4C74-86B8-628B154277BB}.Debug|x86.ActiveCfg = Debug|Win32
		{C2303452-E3FF-4C74-86B8-628B154277BB}.Debug|x86.Build.0 = Debug|Win32
		{C2303452-E3FF-4C74-86B8-628B154277BB}.Release|x64.ActiveCfg = Release|x64
		{C2303452-E3FF-4C74-86B8-628B154277BB}.Release|x64.Build.0 = Release|x64
		{C2303452-E3FF-4C74-86B8-628B154277BB}.Release|x86.ActiveCfg = Release|Win32
		{C2303452-E3FF-4C74-86B8-628B154277BB}.Release|x86.Build.0 = Release|Win32
		{8B98F335-0F11-4509-AAFC-110D41341D4F}.Debug|x64.ActiveCfg = Debug|x64
		{8B98F335-0F11-4509-AAFC-110D41341D4F}.Debug|x64.Build.0 = Debug|x64
		{8B98F335-0F11-4509-AAFC-110D41341D4F}.Debug|x86.ActiveCfg = Debug|Win32
		{8B98F335-0F11-4509-AAFC-110D41341D4F}.Debug|x86.Build.0 = Debug|Win32
		{8B98F335-0F11-4509-AAFC-110D41341D4F}.Release|x64.ActiveCfg = Release|x64
		{8B98F335-0F11-4509-AAFC-110D41341D4F}.Release|x64.Build.0 = Release|x64
		{8B98F335-0F11-4509-AAFC-110D41341D4F}.Release|x86.ActiveCfg = Release|Win32
		{8B98F335-0F11-4509-AAFC-110D41341D4F}.Release|x86.Build.0 = Release|Win32
		{D2649652-E88D-402D-B2FA-D2617CED1B3A}.Debug|x64.ActiveCfg = Debug|x64
		{D2649652-E88D-402D-B2FA-D2617CED1B3A}.Debug|x64.Build.0 = Debug|x64
		{D2649652-E88D-402D-B2FA-D2617CED1B3A}.Debug|x86.ActiveCfg = Debug|Win32
		{D2649652-E88D-402D-B2FA-D2617CED1B3A}.Debug|x86.Build.0 = Debug|Win32
		{D2649652-E88D-402D-B2FA-D2617CED1B3A}.Release|x64.ActiveCfg = Release|x64
		{D2649652-E88D-402D-B2FA-D2617CED1B3A}.Release|x64.Build.0 = Release|x64
		{D2649652-E88D-402D-B2FA-D2617CED1B3A}.Release|x86.ActiveCfg = Release|Win32
		{D2649652-E88D-402D-B2FA-D2617CED1B3A}.Release|x86.Build.0 = Release|Win32
		{04DB0F92-E689-414D-BC42-95E1406003AD}.Debug|x64.ActiveCfg = Debug|x64
		{04DB0F92-E689-414D-BC42-95E1406003AD}.Debug|x64.Build.0 = Debug|x64
		{04DB0F92-E689-414D-BC42-95E1406003AD}.Debug|x86.ActiveCfg = Debug|Win32
		{04DB0F92-E689-414D-BC42-95E1406003AD}.Debug|x86.Build.0 = Debug|Win32
		{04DB0F92-E689-414D-BC42-95E1406003AD}.Release|x64.ActiveCfg = Release|x64
		{04DB0F92-E689-414D-BC42-95E1406003AD}.Release|x64.Build.0 = Release|x64
		{04DB0F92-E689-414D-BC42-95E1406003AD}.Release|x86.ActiveCfg = Release|Win32
		{04DB0F92-E689-414D-BC42-95E1406003AD}.Release|x86.Build.0 = Release|Win32
		{F6EE2662-4014-469A-82C8-421007F2AD64}.Debug|x64.ActiveCfg = Debug|x64
		{F6EE2662-4014-469A-82C8-421007F2AD64}.Debug|x64.Build.0 = Debug|x64
		{F6EE2662-4014-469A-82C8-421007F2AD64}.Debug|x86.ActiveCfg = Debug|Win32
		{F6EE2662-4014-469A-82C8-421007F2AD64}.Debug|x86.Build.0 = Debug|Win32
		{F6EE2662-4014-469A-82C8-421007F2AD64}.Release|x64.ActiveCfg = Release|x64
		{F6EE2662-4014-469A-82C8-421007F2AD64}.Release|x64.Build.0 = Release|x64
		{F6EE2662-4014-469A-82C8-421007F2AD64}.Release|x86.ActiveCfg = Release|Win32
		{F6EE2662-4014-469A-82C8-421007F2AD64}.Release|x86.Build.0 = Release|Win32
		{4F74D5B3-B70E-4396-AA2B-82BB8FF1BEA1}.Debug|x64.ActiveCfg = Debug|x64
		{4F74D5B3-B70E-4396-AA2B-82BB8FF1BEA1}.Debug|x64.Build.0 = Debug|x64
		{4F74D5B3-B70E-4396-AA2B-82BB8FF1BEA1}.Debug|x86.ActiveCfg = Debug|Win32
		{4F74D5B3-B70E-4396-AA2B-82BB8FF1BEA1}.Debug|x86.Build.0 = Debug|Win32
		{4F74D5B3-B70E-4396-AA2B-82BB8FF1BEA1}.Release|x64.ActiveCfg = Release|x64
		{4F74D5B3-B70E-4396-AA2B-82BB8FF1BEA1}.Release|x64.Build.0 = Release|x64
		{4F74D5B3-B70E-4396-AA2B-82BB8FF1BEA1}.Release|x86.ActiveCfg = Release|Win32
		{4F74D5B3-B70E-4396-AA2B-82BB8FF1BEA1}.Release|x86.Build.0 = Release|Win32
		{B000F658-24AD-47BB-98B3-49DE0E946322}.Debug|x64.ActiveCfg = Debug|x64
		{B000F658-24AD-47BB-98B3-49DE0E946322}.Debug|x64.Build.0 = Debug|x64
		{B000F658-24AD-47BB-98B3-49DE0E946322}.Debug|x86.ActiveCfg = Debug|Win32
		{B000F658-24AD-47BB-98B3-49DE0E946322}.Debug|x86.Build.0 = Debug|Win32
		{B000F658-24AD-47BB-98B3-49DE0E946322}.Release|x64.ActiveCfg = Release|x64
		{B000F658-24AD-47BB-98B3-49DE0E946322}.Release|x64.Build.0 = Release|x64
		{B000F658-24AD-47BB-98B3-49DE0E946322}.Release|x86.ActiveCfg = Release|Win32
		{B000F658-24AD-47BB-98B3-49DE0E946322}.Release|x86.Build.0 = Release|Win32
		{A72F5093-56F3-487B-B6CB-B73C00DEB5D4}.Debug|x64.ActiveCfg = Debug|x64
		{A72F5093-56F3-487B-B6CB-B73C00DEB5D4}.Debug|x64.Build.0 = Debug|x64
		{A72F5093-56F3-487B-B6CB-B73C00DEB5D4}.Debug|x86.ActiveCfg = Debug|Win32
		{A72F5093-56F3-487B-B6CB-B73C00DEB5D4}.Debug|x86.Build.0 = Debug|Win32
		{A72F5093-56F3-487B-B6CB-B73C00DEB5D4}.Release|x64.ActiveCfg = Release|x64
		{A72F5093-56F3-487B-B6CB-B73C00DEB5D4}.Release|x64.Build.0 = Release|x64
		{A72F5093-56F3-487B-B6CB-B73C00DEB5D4}.Release|x86.ActiveCfg = Release|Win32
		{A72F5093-56F3-487B-B6CB-B73C00DEB5D4}.Release|x86.Build.0 = Release|Win32
	EndGlobalSection
	GlobalSection(SolutionProperties) = preSolution
		HideSolutionNode = FALSE
	EndGlobalSection
	GlobalSection(ExtensibilityGlobals) = postSolution
		SolutionGuid = {4DE43E3E-CF32-4E72-90B4-7E255520B7AD}
	EndGlobalSection
EndGlobal
